{
  "name": "muya",
  "version": "0.1.2",
  "lockfileVersion": 1,
  "requires": true,
  "dependencies": {
    "axios": {
      "version": "0.21.1",
      "resolved": "https://registry.npmjs.org/axios/-/axios-0.21.1.tgz",
      "integrity": "sha512-dKQiRHxGD9PPRIUNIWvZhPTPpl1rf/OxTYKsqKUDjBwYylTvV7SjSHJb9ratfyzM6wCdLCOYLzs73qpg5c4iGA==",
      "requires": {
        "follow-redirects": "^1.10.0"
      }
    },
    "batch-processor": {
      "version": "1.0.0",
      "resolved": "https://registry.npmjs.org/batch-processor/-/batch-processor-1.0.0.tgz",
      "integrity": "sha1-dclcMrdI4IUNEMKxaPa9vpiRrOg="
    },
    "browser-split": {
      "version": "0.0.1",
      "resolved": "https://registry.npmjs.org/browser-split/-/browser-split-0.0.1.tgz",
      "integrity": "sha1-ewl1dPjj6tYG+0Zk5krf3aKYGpM="
    },
    "clipboard": {
      "version": "2.0.6",
      "resolved": "https://registry.npmjs.org/clipboard/-/clipboard-2.0.6.tgz",
      "integrity": "sha512-g5zbiixBRk/wyKakSwCKd7vQXDjFnAMGHoEyBogG/bw9kTD9GvdAvaoRR1ALcEzt3pVKxZR0pViekPMIS0QyGg==",
      "optional": true,
      "requires": {
        "good-listener": "^1.2.2",
        "select": "^1.1.2",
        "tiny-emitter": "^2.0.0"
      }
    },
    "clone-regexp": {
      "version": "2.2.0",
      "resolved": "https://registry.npmjs.org/clone-regexp/-/clone-regexp-2.2.0.tgz",
      "integrity": "sha512-beMpP7BOtTipFuW8hrJvREQ2DrRu3BE7by0ZpibtfBA+qfHYvMGTc2Yb1JMYPKg/JUw0CHYvpg796aNTSW9z7Q==",
      "requires": {
        "is-regexp": "^2.0.0"
      }
    },
    "commander": {
      "version": "2.20.3",
      "resolved": "https://registry.npmjs.org/commander/-/commander-2.20.3.tgz",
      "integrity": "sha512-GpVkmM8vF2vQUkj2LvZmD35JxeJOLCwJ9cUkugyk2nuhbv3+mJvpLYYt+0+USMxE+oj+ey/lJEnhZw75x/OMcQ=="
    },
    "delegate": {
      "version": "3.2.0",
      "resolved": "https://registry.npmjs.org/delegate/-/delegate-3.2.0.tgz",
      "integrity": "sha512-IofjkYBZaZivn0V8nnsMJGBr4jVLxHDheKSW88PyxS5QC4Vo9ZbZVvhzlSxY87fVq3STR6r+4cGepyHkcWOQSw==",
      "optional": true
    },
    "domino": {
      "version": "2.1.6",
      "resolved": "https://registry.npmjs.org/domino/-/domino-2.1.6.tgz",
      "integrity": "sha512-3VdM/SXBZX2omc9JF9nOPCtDaYQ67BGp5CoLpIQlO2KCAPETs8TcDHacF26jXadGbvUteZzRTeos2fhID5+ucQ=="
    },
    "dompurify": {
      "version": "2.2.6",
      "resolved": "https://registry.npmjs.org/dompurify/-/dompurify-2.2.6.tgz",
      "integrity": "sha512-7b7ZArhhH0SP6W2R9cqK6RjaU82FZ2UPM7RO8qN1b1wyvC/NY1FNWcX1Pu00fFOAnzEORtwXe4bPaClg6pUybQ=="
    },
    "element-resize-detector": {
      "version": "1.2.1",
      "resolved": "https://registry.npmjs.org/element-resize-detector/-/element-resize-detector-1.2.1.tgz",
      "integrity": "sha512-BdFsPepnQr9fznNPF9nF4vQ457U/ZJXQDSNF1zBe7yaga8v9AdZf3/NElYxFdUh7SitSGt040QygiTo6dtatIw==",
      "requires": {
        "batch-processor": "1.0.0"
      }
    },
    "eve-raphael": {
      "version": "0.5.0",
      "resolved": "https://registry.npmjs.org/eve-raphael/-/eve-raphael-0.5.0.tgz",
      "integrity": "sha1-F8dUt5K+7z+maE15z1pHxjxM2jA="
    },
    "execall": {
      "version": "2.0.0",
      "resolved": "https://registry.npmjs.org/execall/-/execall-2.0.0.tgz",
      "integrity": "sha512-0FU2hZ5Hh6iQnarpRtQurM/aAvp3RIbfvgLHrcqJYzhXyV2KFruhuChf9NC6waAhiUR7FFtlugkI4p7f2Fqlow==",
      "requires": {
        "clone-regexp": "^2.1.0"
      }
    },
    "fast-diff": {
      "version": "1.2.0",
      "resolved": "https://registry.npmjs.org/fast-diff/-/fast-diff-1.2.0.tgz",
      "integrity": "sha512-xJuoT5+L99XlZ8twedaRf6Ax2TgQVxvgZOYoPKqZufmJib0tL2tegPBOZb1pVNgIhlqDlA0eO0c3wBvQcmzx4w=="
    },
    "fast-json-patch": {
      "version": "3.0.0-1",
      "resolved": "https://registry.npmjs.org/fast-json-patch/-/fast-json-patch-3.0.0-1.tgz",
      "integrity": "sha512-6pdFb07cknxvPzCeLsFHStEy+MysPJPgZQ9LbQ/2O67unQF93SNqfdSqnPPl71YMHX+AD8gbl7iuoGFzHEdDuw=="
    },
    "flowchart.js": {
      "version": "1.15.0",
      "resolved": "https://registry.npmjs.org/flowchart.js/-/flowchart.js-1.15.0.tgz",
      "integrity": "sha512-IyCVUFfHPLPgKLynw3NCkZ7CvKJdc/bAu0aHm+2AxKhtSBCiUC1kcTX1KautC3HOp1A2JS1IOcYxDTmcMkx5nQ==",
      "requires": {
        "raphael": "2.3.0"
      }
    },
    "follow-redirects": {
      "version": "1.13.1",
      "resolved": "https://registry.npmjs.org/follow-redirects/-/follow-redirects-1.13.1.tgz",
      "integrity": "sha512-SSG5xmZh1mkPGyKzjZP8zLjltIfpW32Y5QpdNJyjcfGxK3qo3NDDkZOZSFiGn1A6SclQxY9GzEwAHQ3dmYRWpg=="
    },
    "fuzzaldrin": {
      "version": "2.1.0",
      "resolved": "https://registry.npmjs.org/fuzzaldrin/-/fuzzaldrin-2.1.0.tgz",
      "integrity": "sha1-kCBMPi/appQbso0WZF1BgGOpDps="
    },
    "github-markdown-css": {
      "version": "4.0.0",
      "resolved": "https://registry.npmjs.org/github-markdown-css/-/github-markdown-css-4.0.0.tgz",
      "integrity": "sha512-mH0bcIKv4XAN0mQVokfTdKo2OD5K8WJE9+lbMdM32/q0Ie5tXgVN/2o+zvToRMxSTUuiTRcLg5hzkFfOyBYreg=="
    },
    "good-listener": {
      "version": "1.2.2",
      "resolved": "https://registry.npmjs.org/good-listener/-/good-listener-1.2.2.tgz",
      "integrity": "sha1-1TswzfkxPf+33JoNR3CWqm0UXFA=",
      "optional": true,
      "requires": {
        "delegate": "^3.1.2"
      }
    },
    "html-tags": {
      "version": "3.1.0",
      "resolved": "https://registry.npmjs.org/html-tags/-/html-tags-3.1.0.tgz",
      "integrity": "sha512-1qYz89hW3lFDEazhjW0yVAV87lw8lVkrJocr72XmBkMKsoSVJCQx3W8BXsC7hO2qAt8BoVjYjtAcZ9perqGnNg=="
    },
    "is-regexp": {
      "version": "2.1.0",
      "resolved": "https://registry.npmjs.org/is-regexp/-/is-regexp-2.1.0.tgz",
      "integrity": "sha512-OZ4IlER3zmRIoB9AqNhEggVxqIH4ofDns5nRrPS6yQxXE1TPCUpFznBfRQmQa8uC+pXqjMnukiJBxCisIxiLGA=="
    },
    "joplin-turndown-plugin-gfm": {
      "version": "1.0.12",
      "resolved": "https://registry.npmjs.org/joplin-turndown-plugin-gfm/-/joplin-turndown-plugin-gfm-1.0.12.tgz",
      "integrity": "sha512-qL4+1iycQjZ1fs8zk3jSRk7cg3ROBUHk7GKtiLAQLFzLPKErnILUvz5DLszSQvz3s1sTjPbywLDISVUtBY6HaA=="
    },
    "json-stringify-pretty-compact": {
      "version": "2.0.0",
      "resolved": "https://registry.npmjs.org/json-stringify-pretty-compact/-/json-stringify-pretty-compact-2.0.0.tgz",
      "integrity": "sha512-WRitRfs6BGq4q8gTgOy4ek7iPFXjbra0H3PmDLKm2xnZ+Gh1HUhiKGgCZkSPNULlP7mvfu6FV/mOLhCarspADQ=="
    },
    "katex": {
      "version": "0.12.0",
      "resolved": "https://registry.npmjs.org/katex/-/katex-0.12.0.tgz",
      "integrity": "sha512-y+8btoc/CK70XqcHqjxiGWBOeIL8upbS0peTPXTvgrh21n1RiWWcIpSWM+4uXq+IAgNh9YYQWdc7LVDPDAEEAg==",
      "requires": {
        "commander": "^2.19.0"
      }
    },
    "lodash.escape": {
      "version": "4.0.1",
      "resolved": "https://registry.npmjs.org/lodash.escape/-/lodash.escape-4.0.1.tgz",
      "integrity": "sha1-yQRGkMIeBClL6qUXcS/e0fqI3pg="
    },
    "lodash.forown": {
      "version": "4.4.0",
      "resolved": "https://registry.npmjs.org/lodash.forown/-/lodash.forown-4.4.0.tgz",
      "integrity": "sha1-hRFc8E9z75ZuztUlEdOJPMRmg68="
    },
    "lodash.kebabcase": {
      "version": "4.1.1",
      "resolved": "https://registry.npmjs.org/lodash.kebabcase/-/lodash.kebabcase-4.1.1.tgz",
      "integrity": "sha1-hImxyw0p/4gZXM7KRI/21swpXDY="
    },
    "lodash.remove": {
      "version": "4.7.0",
      "resolved": "https://registry.npmjs.org/lodash.remove/-/lodash.remove-4.7.0.tgz",
      "integrity": "sha1-8x0x58OaBpDVB07A02JxYjNO5iY="
    },
    "lodash.uniq": {
      "version": "4.5.0",
      "resolved": "https://registry.npmjs.org/lodash.uniq/-/lodash.uniq-4.5.0.tgz",
      "integrity": "sha1-0CJTc662Uq3BvILklFM5qEJ1R3M="
    },
    "lru-cache": {
      "version": "6.0.0",
      "resolved": "https://registry.npmjs.org/lru-cache/-/lru-cache-6.0.0.tgz",
      "integrity": "sha512-Jo6dJ04CmSjuznwJSS3pUeWmd/H0ffTlkXXgwZi+eq1UCmqQwCh+eLsYOYCwY991i2Fah4h1BEMCx4qThGbsiA==",
      "requires": {
        "yallist": "^4.0.0"
      }
    },
    "object-assign": {
      "version": "4.1.1",
      "resolved": "https://registry.npmjs.org/object-assign/-/object-assign-4.1.1.tgz",
      "integrity": "sha1-IQmtx5ZYh8/AXLvUQsrIv7s2CGM="
    },
    "ot-json1": {
      "version": "0.2.4",
      "resolved": "https://registry.npmjs.org/ot-json1/-/ot-json1-0.2.4.tgz",
      "integrity": "sha512-nVZPpPZDBwZo2VrmZzFX3PTusEX0E1esbqMqo8sM9tRDzMFgRMQLssSmxG1nKL43ycbECJywepAAWfsRzUWFUQ==",
      "requires": {
        "ot-text-unicode": "^3.0.0"
      }
    },
    "ot-text-unicode": {
      "version": "3.1.0",
      "resolved": "https://registry.npmjs.org/ot-text-unicode/-/ot-text-unicode-3.1.0.tgz",
      "integrity": "sha512-XPNLWcN/UDO+be1XYCUecaKZDJwz4Vk2Z9D2/NxmFT1+Cl/ZNF+1OtHIomtGbC6z1LP68FFFeK4GZs554Gkttw==",
      "requires": {
        "unicount": "1.1"
      }
    },
    "parse-sel": {
      "version": "1.0.0",
      "resolved": "https://registry.npmjs.org/parse-sel/-/parse-sel-1.0.0.tgz",
      "integrity": "sha1-uTANK7lGoGwiyY4gjkeyCIaQy90=",
      "requires": {
        "browser-split": "0.0.1"
      }
    },
    "popper.js": {
      "version": "1.16.1",
      "resolved": "https://registry.npmjs.org/popper.js/-/popper.js-1.16.1.tgz",
      "integrity": "sha512-Wb4p1J4zyFTbM+u6WuO4XstYx4Ky9Cewe4DWrel7B0w6VVICvPwdOpotjzcf6eD8TsckVnIMNONQyPIUFOUbCQ=="
    },
    "prismjs": {
      "version": "1.23.0",
      "resolved": "https://registry.npmjs.org/prismjs/-/prismjs-1.23.0.tgz",
      "integrity": "sha512-c29LVsqOaLbBHuIbsTxaKENh1N2EQBOHaWv7gkHN4dgRbxSREqDnDbtFJYdpPauS4YCplMSNCABQ6Eeor69bAA==",
      "requires": {
        "clipboard": "^2.0.0"
      }
    },
    "raphael": {
      "version": "2.3.0",
      "resolved": "https://registry.npmjs.org/raphael/-/raphael-2.3.0.tgz",
      "integrity": "sha512-w2yIenZAQnp257XUWGni4bLMVxpUpcIl7qgxEgDIXtmSypYtlNxfXWpOBxs7LBTps5sDwhRnrToJrMUrivqNTQ==",
      "requires": {
        "eve-raphael": "0.5.0"
      }
    },
    "select": {
      "version": "1.1.2",
      "resolved": "https://registry.npmjs.org/select/-/select-1.1.2.tgz",
      "integrity": "sha1-DnNQrN7ICxEIUoeG7B1EGNEbOW0=",
      "optional": true
    },
    "semver": {
      "version": "7.3.4",
      "resolved": "https://registry.npmjs.org/semver/-/semver-7.3.4.tgz",
      "integrity": "sha512-tCfb2WLjqFAtXn4KEdxIhalnRtoKFN7nAwj0B3ZXCbQloV2tq5eDbcTmT68JJD3nRJq24/XgxtQKFIpQdtvmVw==",
      "requires": {
        "lru-cache": "^6.0.0"
      }
    },
    "snabbdom": {
      "version": "0.7.4",
      "resolved": "https://registry.npmjs.org/snabbdom/-/snabbdom-0.7.4.tgz",
      "integrity": "sha512-nnN+7uZ2NTIiu7EPMNwSDhmrYXqwlfCP/j72RdzvDPujXyvQxOW7Jl9yuLayzxMHDNWQR7FM6Pcn4wnDpKRe6Q=="
    },
    "snabbdom-to-html": {
      "version": "6.0.0",
      "resolved": "https://registry.npmjs.org/snabbdom-to-html/-/snabbdom-to-html-6.0.0.tgz",
      "integrity": "sha512-VR6xG9VuZc47cxNAhPPjnz4phqgqcCHfnr6+Ltol7d999vTHB9kZUu/bMpGPhRg/mrx0STherECz2ZbBUSj2+Q==",
      "requires": {
        "lodash.escape": "^4.0.1",
        "lodash.forown": "^4.4.0",
        "lodash.kebabcase": "^4.1.1",
        "lodash.remove": "^4.7.0",
        "lodash.uniq": "^4.5.0",
        "object-assign": "^4.1.0",
        "parse-sel": "^1.0.0"
      }
    },
    "tiny-emitter": {
      "version": "2.1.0",
      "resolved": "https://registry.npmjs.org/tiny-emitter/-/tiny-emitter-2.1.0.tgz",
      "integrity": "sha512-NB6Dk1A9xgQPMoGqC5CVXn123gWyte215ONT5Pp5a0yt4nlEoO1ZWeCwpncaekPHXO60i47ihFnZPiRPjRMq4Q==",
      "optional": true
    },
    "turndown": {
      "version": "7.0.0",
      "resolved": "https://registry.npmjs.org/turndown/-/turndown-7.0.0.tgz",
      "integrity": "sha512-G1FfxfR0mUNMeGjszLYl3kxtopC4O9DRRiMlMDDVHvU1jaBkGFg4qxIyjIk2aiKLHyDyZvZyu4qBO2guuYBy3Q==",
      "requires": {
        "domino": "^2.1.6"
      }
    },
    "unicount": {
      "version": "1.1.0",
      "resolved": "https://registry.npmjs.org/unicount/-/unicount-1.1.0.tgz",
      "integrity": "sha512-RlwWt1ywVW4WErPGAVHw/rIuJ2+MxvTME0siJ6lk9zBhpDfExDbspe6SRlWT3qU6AucNjotPl9qAJRVjP7guCQ=="
    },
    "vega-embed": {
      "version": "6.15.0",
      "resolved": "https://registry.npmjs.org/vega-embed/-/vega-embed-6.15.0.tgz",
      "integrity": "sha512-/+Xlf0D4ErI21R20ElkP0ZP+qFHJoLsnbBGidJSYmnUGn5mPcnPmRKigaKEaXeKl9a5PCxxxIdjyfiFf99n3OA==",
      "requires": {
        "fast-json-patch": "^3.0.0-1",
        "json-stringify-pretty-compact": "^2.0.0",
        "semver": "^7.3.4",
        "vega-schema-url-parser": "^2.1.0",
        "vega-themes": "^2.9.1",
        "vega-tooltip": "^0.24.2"
      }
    },
    "vega-schema-url-parser": {
      "version": "2.1.0",
      "resolved": "https://registry.npmjs.org/vega-schema-url-parser/-/vega-schema-url-parser-2.1.0.tgz",
      "integrity": "sha512-JHT1PfOyVzOohj89uNunLPirs05Nf59isPT5gnwIkJph96rRgTIBJE7l7yLqndd7fLjr3P8JXHGAryRp74sCaQ=="
    },
    "vega-themes": {
      "version": "2.9.1",
      "resolved": "https://registry.npmjs.org/vega-themes/-/vega-themes-2.9.1.tgz",
      "integrity": "sha512-N6GU8u1EpfqxswXpBKLYouD3gYGfvrKWTC07JSrnlvGUzKzXMPDm4fN8FP8+cBpTwBL6JDZBd86A1Haea/nTfQ=="
    },
    "vega-tooltip": {
      "version": "0.24.2",
      "resolved": "https://registry.npmjs.org/vega-tooltip/-/vega-tooltip-0.24.2.tgz",
      "integrity": "sha512-b7IeYQl/piNVsMmTliOgTnwSOhBs67KqoZ9UzP1I3XpH7TKbSuc3YHA7b1CSxkRR0hHKdradby4UI8c9rdH74w==",
      "requires": {
        "vega-util": "^1.15.2"
      }
    },
    "vega-util": {
      "version": "1.16.0",
      "resolved": "https://registry.npmjs.org/vega-util/-/vega-util-1.16.0.tgz",
      "integrity": "sha512-6mmz6mI+oU4zDMeKjgvE2Fjz0Oh6zo6WGATcvCfxH2gXBzhBHmy5d25uW5Zjnkc6QBXSWPLV9Xa6SiqMsrsKog=="
    },
    "yallist": {
      "version": "4.0.0",
      "resolved": "https://registry.npmjs.org/yallist/-/yallist-4.0.0.tgz",
      "integrity": "sha512-3wdGidZyq5PB084XLES5TpOSRA3wjXAlIWMhum2kRcv/41Sn2emQ0dycQW4uZXLejwKvg6EsvbdlVL+FYEct7A=="
    }
  }
}
